// !$*UTF8*$!
{
	archiveVersion = 1;
	classes = {
	};
	objectVersion = 46;
	objects = {

/* Begin PBXBuildFile section */
		0AA8CEA81D1ACF96009220FB /* main.m in Sources */ = {isa = PBXBuildFile; fileRef = 0AA8CEA71D1ACF96009220FB /* main.m */; };
		0AA8CEB01D1ACFAD009220FB /* Fraction.m in Sources */ = {isa = PBXBuildFile; fileRef = 0AA8CEAF1D1ACFAD009220FB /* Fraction.m */; };
/* End PBXBuildFile section */

/* Begin PBXCopyFilesBuildPhase section */
		0AA8CEA21D1ACF96009220FB /* CopyFiles */ = {
			isa = PBXCopyFilesBuildPhase;
			buildActionMask = 2147483647;
			dstPath = /usr/share/man/man1/;
			dstSubfolderSpec = 0;
			files = (
			);
			runOnlyForDeploymentPostprocessing = 1;
		};
/* End PBXCopyFilesBuildPhase section */

/* Begin PBXFileReference section */
		0AA8CEA41D1ACF96009220FB /* practice07_02 */ = {isa = PBXFileReference; explicitFileType = "compiled.mach-o.executable"; includeInIndex = 0; path = practice07_02; sourceTree = BUILT_PRODUCTS_DIR; };
		0AA8CEA71D1ACF96009220FB /* main.m */ = {isa = PBXFileReference; lastKnownFileType = sourcecode.c.objc; path = main.m; sourceTree = "<group>"; };
		0AA8CEAE1D1ACFAD009220FB /* Fraction.h */ = {isa = PBXFileReference; fileEncoding = 4; lastKnownFileType = sourcecode.c.h; path = Fraction.h; sourceTree = "<group>"; };
		0AA8CEAF1D1ACFAD009220FB /* Fraction.m */ = {isa = PBXFileReference; fileEncoding = 4; lastKnownFileType = sourcecode.c.objc; path = Fraction.m; sourceTree = "<group>"; };
/* End PBXFileReference section */

/* Begin PBXFrameworksBuildPhase section */
		0AA8CEA11D1ACF96009220FB /* Frameworks */ = {
			isa = PBXFrameworksBuildPhase;
			buildActionMask = 2147483647;
			files = (
			);
			runOnlyForDeploymentPostprocessing = 0;
		};
/* End PBXFrameworksBuildPhase section */

/* Begin PBXGroup section */
		0AA8CE9B1D1ACF96009220FB = {
			isa = PBXGroup;
			children = (
				0AA8CEA61D1ACF96009220FB /* practice07_02 */,
				0AA8CEA51D1ACF96009220FB /* Products */,
			);
			sourceTree = "<group>";
		};
		0AA8CEA51D1ACF96009220FB /* Products */ = {
			isa = PBXGroup;
			children = (
				0AA8CEA41D1ACF96009220FB /* practice07_02 */,
			);
			name = Products;
			sourceTree = "<group>";
		};
		0AA8CEA61D1ACF96009220FB /* practice07_02 */ = {
			isa = PBXGroup;
			children = (
				0AA8CEAE1D1ACFAD009220FB /* Fraction.h */,
				0AA8CEAF1D1ACFAD009220FB /* Fraction.m */,
				0AA8CEA71D1ACF96009220FB /* main.m */,
			);
			path = practice07_02;
			sourceTree = "<group>";
		};
/* End PBXGroup section */

/* Begin PBXNativeTarget section */
		0AA8CEA31D1ACF96009220FB /* practice07_02 */ = {
			isa = PBXNativeTarget;
			buildConfigurationList = 0AA8CEAB1D1ACF96009220FB /* Build configuration list for PBXNativeTarget "practice07_02" */;
			buildPhases = (
				0AA8CEA01D1ACF96009220FB /* Sources */,
				0AA8CEA11D1ACF96009220FB /* Frameworks */,
				0AA8CEA21D1ACF96009220FB /* CopyFiles */,
			);
			buildRules = (
			);
			dependencies = (
			);
			name = practice07_02;
			productName = practice07_02;
			productReference = 0AA8CEA41D1ACF96009220FB /* practice07_02 */;
			productType = "com.apple.product-type.tool";
		};
/* End PBXNativeTarget section */

/* Begin PBXProject section */
		0AA8CE9C1D1ACF96009220FB /* Project object */ = {
			isa = PBXProject;
			attributes = {
				LastUpgradeCheck = 0640;
				ORGANIZATIONNAME = chenyijun;
				TargetAttributes = {
					0AA8CEA31D1ACF96009220FB = {
						CreatedOnToolsVersion = 6.4;
					};
				};
			};
			buildConfigurationList = 0AA8CE9F1D1ACF96009220FB /* Build configuration list for PBXProject "practice07_02" */;
			compatibilityVersion = "Xcode 3.2";
			developmentRegion = English;
			hasScannedForEncodings = 0;
			knownRegions = (
				en,
			);
			mainGroup = 0AA8CE9B1D1ACF96009220FB;
			productRefGroup = 0AA8CEA51D1ACF96009220FB /* Products */;
			projectDirPath = "";
			projectRoot = "";
			targets = (
				0AA8CEA31D1ACF96009220FB /* practice07_02 */,
			);
		};
/* End PBXProject section */

/* Begin PBXSourcesBuildPhase section */
		0AA8CEA01D1ACF96009220FB /* Sources */ = {
			isa = PBXSourcesBuildPhase;
			buildActionMask = 2147483647;
			files = (
				0AA8CEA81D1ACF96009220FB /* main.m in Sources */,
				0AA8CEB01D1ACFAD009220FB /* Fraction.m in Sources */,
			);
			runOnlyForDeploymentPostprocessing = 0;
		};
/* End PBXSourcesBuildPhase section */

/* Begin XCBuildConfiguration section */
		0AA8CEA91D1ACF96009220FB /* Debug */ = {
			isa = XCBuildConfiguration;
			buildSettings = {
				ALWAYS_SEARCH_USER_PATHS = NO;
				CLANG_CXX_LANGUAGE_STANDARD = "gnu++0x";
				CLANG_CXX_LIBRARY = "libc++";
				CLANG_ENABLE_MODULES = YES;
				CLANG_ENABLE_OBJC_ARC = YES;
				CLANG_WARN_BOOL_CONVERSION = YES;
				CLANG_WARN_CONSTANT_CONVERSION = YES;
				CLANG_WARN_DIRECT_OBJC_ISA_USAGE = YES_ERROR;
				CLANG_WARN_EMPTY_BODY = YES;
				CLANG_WARN_ENUM_CONVERSION = YES;
				CLANG_WARN_INT_CONVERSION = YES;
				CLANG_WARN_OBJC_ROOT_CLASS = YES_ERROR;
				CLANG_WARN_UNREACHABLE_CODE = YES;
				CLANG_WARN__DUPLICATE_METHOD_MATCH = YES;
				COPY_PHASE_STRIP = NO;
				DEBUG_INFORMATION_FORMAT = dwarf;
				ENABLE_STRICT_OBJC_MSGSEND = YES;
				GCC_C_LANGUAGE_STANDARD = gnu99;
				GCC_DYNAMIC_NO_PIC = NO;
				GCC_NO_COMMON_BLOCKS = YES;
				GCC_OPTIMIZATION_LEVEL = 0;
				GCC_PREPROCESSOR_DEFINITIONS = (
					"DEBUG=1",
					"$(inherited)",
				);
				GCC_SYMBOLS_PRIVATE_EXTERN = NO;
				GCC_WARN_64_TO_32_BIT_CONVERSION = YES;
				GCC_WARN_ABOUT_RETURN_TYPE = YES_ERROR;
				GCC_WARN_UNDECLARED_SELECTOR = YES;
				GCC_WARN_UNINITIALIZED_AUTOS = YES_AGGRESSIVE;
				GCC_WARN_UNUSED_FUNCTION = YES;
				GCC_WARN_UNUSED_VARIABLE = YES;
				MACOSX_DEPLOYMENT_TARGET = 10.11;
				MTL_ENABLE_DEBUG_INFO = YES;
				ONLY_ACTIVE_ARCH = YES;
				SDKROOT = macosx;
			};
			name = Debug;
		};
		0AA8CEAA1D1ACF96009220FB /* Release */ = {
			isa = XCBuildConfiguration;
			buildSettings = {
				ALWAYS_SEARCH_USER_PATHS = NO;
				CLANG_CXX_LANGUAGE_STANDARD = "gnu++0x";
				CLANG_CXX_LIBRARY = "libc++";
				CLANG_ENABLE_MODULES = YES;
				CLANG_ENABLE_OBJC_ARC = YES;
				CLANG_WARN_BOOL_CONVERSION = YES;
				CLANG_WARN_CONSTANT_CONVERSION = YES;
				CLANG_WARN_DIRECT_OBJC_ISA_USAGE = YES_ERROR;
				CLANG_WARN_EMPTY_BODY = YES;
				CLANG_WARN_ENUM_CONVERSION = YES;
				CLANG_WARN_INT_CONVERSION = YES;
				CLANG_WARN_OBJC_ROOT_CLASS = YES_ERROR;
				CLANG_WARN_UNREACHABLE_CODE = YES;
				CLANG_WARN__DUPLICATE_METHOD_MATCH = YES;
				COPY_PHASE_STRIP = NO;
				DEBUG_INFORMATION_FORMAT = "dwarf-with-dsym";
				ENABLE_NS_ASSERTIONS = NO;
				ENABLE_STRICT_OBJC_MSGSEND = YES;
				GCC_C_LANGUAGE_STANDARD = gnu99;
				GCC_NO_COMMON_BLOCKS = YES;
				GCC_WARN_64_TO_32_BIT_CONVERSION = YES;
				GCC_WARN_ABOUT_RETURN_TYPE = YES_ERROR;
				GCC_WARN_UNDECLARED_SELECTOR = YES;
				GCC_WARN_UNINITIALIZED_AUTOS = YES_AGGRESSIVE;
				GCC_WARN_UNUSED_FUNCTION = YES;
				GCC_WARN_UNUSED_VARIABLE = YES;
				MACOSX_DEPLOYMENT_TARGET = 10.11;
				MTL_ENABLE_DEBUG_INFO = NO;
				SDKROOT = macosx;
			};
			name = Release;
		};
		0AA8CEAC1D1ACF96009220FB /* Debug */ = {
			isa = XCBuildConfiguration;
			buildSettings = {
				PRODUCT_NAME = "$(TARGET_NAME)";
			};
			name = Debug;
		};
		0AA8CEAD1D1ACF96009220FB /* Release */ = {
			isa = XCBuildConfiguration;
			buildSettings = {
				PRODUCT_NAME = "$(TARGET_NAME)";
			};
			name = Release;
		};
/* End XCBuildConfiguration section */

/* Begin XCConfigurationList section */
		0AA8CE9F1D1ACF96009220FB /* Build configuration list for PBXProject "practice07_02" */ = {
			isa = XCConfigurationList;
			buildConfigurations = (
				0AA8CEA91D1ACF96009220FB /* Debug */,
				0AA8CEAA1D1ACF96009220FB /* Release */,
			);
			defaultConfigurationIsVisible = 0;
			defaultConfigurationName = Release;
		};
		0AA8CEAB1D1ACF96009220FB /* Build configuration list for PBXNativeTarget "practice07_02" */ = {
			isa = XCConfigurationList;
			buildConfigurations = (
				0AA8CEAC1D1ACF96009220FB /* Debug */,
				0AA8CEAD1D1ACF96009220FB /* Release */,
			);
			defaultConfigurationIsVisible = 0;
		};
/* End XCConfigurationList section */
	};
	rootObject = 0AA8CE9C1D1ACF96009220FB /* Project object */;
}
