// !$*UTF8*$!
{
	archiveVersion = 1;
	classes = {
	};
	objectVersion = 46;
	objects = {

/* Begin PBXBuildFile section */
		0ACFF7991D504CD900863F06 /* main.m in Sources */ = {isa = PBXBuildFile; fileRef = 0ACFF7981D504CD900863F06 /* main.m */; };
		0ACFF7A31D504D4B00863F06 /* Rectangle.m in Sources */ = {isa = PBXBuildFile; fileRef = 0ACFF7A01D504D4B00863F06 /* Rectangle.m */; };
		0ACFF7A41D504D4B00863F06 /* XYPoint.m in Sources */ = {isa = PBXBuildFile; fileRef = 0ACFF7A21D504D4B00863F06 /* XYPoint.m */; };
/* End PBXBuildFile section */

/* Begin PBXCopyFilesBuildPhase section */
		0ACFF7931D504CD800863F06 /* CopyFiles */ = {
			isa = PBXCopyFilesBuildPhase;
			buildActionMask = 2147483647;
			dstPath = /usr/share/man/man1/;
			dstSubfolderSpec = 0;
			files = (
			);
			runOnlyForDeploymentPostprocessing = 1;
		};
/* End PBXCopyFilesBuildPhase section */

/* Begin PBXFileReference section */
		0ACFF7951D504CD800863F06 /* practice08_04 */ = {isa = PBXFileReference; explicitFileType = "compiled.mach-o.executable"; includeInIndex = 0; path = practice08_04; sourceTree = BUILT_PRODUCTS_DIR; };
		0ACFF7981D504CD900863F06 /* main.m */ = {isa = PBXFileReference; lastKnownFileType = sourcecode.c.objc; path = main.m; sourceTree = "<group>"; };
		0ACFF79F1D504D4B00863F06 /* Rectangle.h */ = {isa = PBXFileReference; fileEncoding = 4; lastKnownFileType = sourcecode.c.h; path = Rectangle.h; sourceTree = "<group>"; };
		0ACFF7A01D504D4B00863F06 /* Rectangle.m */ = {isa = PBXFileReference; fileEncoding = 4; lastKnownFileType = sourcecode.c.objc; path = Rectangle.m; sourceTree = "<group>"; };
		0ACFF7A11D504D4B00863F06 /* XYPoint.h */ = {isa = PBXFileReference; fileEncoding = 4; lastKnownFileType = sourcecode.c.h; path = XYPoint.h; sourceTree = "<group>"; };
		0ACFF7A21D504D4B00863F06 /* XYPoint.m */ = {isa = PBXFileReference; fileEncoding = 4; lastKnownFileType = sourcecode.c.objc; path = XYPoint.m; sourceTree = "<group>"; };
/* End PBXFileReference section */

/* Begin PBXFrameworksBuildPhase section */
		0ACFF7921D504CD800863F06 /* Frameworks */ = {
			isa = PBXFrameworksBuildPhase;
			buildActionMask = 2147483647;
			files = (
			);
			runOnlyForDeploymentPostprocessing = 0;
		};
/* End PBXFrameworksBuildPhase section */

/* Begin PBXGroup section */
		0ACFF78C1D504CD800863F06 = {
			isa = PBXGroup;
			children = (
				0ACFF7971D504CD800863F06 /* practice08_04 */,
				0ACFF7961D504CD800863F06 /* Products */,
			);
			sourceTree = "<group>";
		};
		0ACFF7961D504CD800863F06 /* Products */ = {
			isa = PBXGroup;
			children = (
				0ACFF7951D504CD800863F06 /* practice08_04 */,
			);
			name = Products;
			sourceTree = "<group>";
		};
		0ACFF7971D504CD800863F06 /* practice08_04 */ = {
			isa = PBXGroup;
			children = (
				0ACFF79F1D504D4B00863F06 /* Rectangle.h */,
				0ACFF7A01D504D4B00863F06 /* Rectangle.m */,
				0ACFF7A11D504D4B00863F06 /* XYPoint.h */,
				0ACFF7A21D504D4B00863F06 /* XYPoint.m */,
				0ACFF7981D504CD900863F06 /* main.m */,
			);
			path = practice08_04;
			sourceTree = "<group>";
		};
/* End PBXGroup section */

/* Begin PBXNativeTarget section */
		0ACFF7941D504CD800863F06 /* practice08_04 */ = {
			isa = PBXNativeTarget;
			buildConfigurationList = 0ACFF79C1D504CD900863F06 /* Build configuration list for PBXNativeTarget "practice08_04" */;
			buildPhases = (
				0ACFF7911D504CD800863F06 /* Sources */,
				0ACFF7921D504CD800863F06 /* Frameworks */,
				0ACFF7931D504CD800863F06 /* CopyFiles */,
			);
			buildRules = (
			);
			dependencies = (
			);
			name = practice08_04;
			productName = practice08_04;
			productReference = 0ACFF7951D504CD800863F06 /* practice08_04 */;
			productType = "com.apple.product-type.tool";
		};
/* End PBXNativeTarget section */

/* Begin PBXProject section */
		0ACFF78D1D504CD800863F06 /* Project object */ = {
			isa = PBXProject;
			attributes = {
				LastUpgradeCheck = 0640;
				ORGANIZATIONNAME = chenyijun;
				TargetAttributes = {
					0ACFF7941D504CD800863F06 = {
						CreatedOnToolsVersion = 6.4;
					};
				};
			};
			buildConfigurationList = 0ACFF7901D504CD800863F06 /* Build configuration list for PBXProject "practice08_04" */;
			compatibilityVersion = "Xcode 3.2";
			developmentRegion = English;
			hasScannedForEncodings = 0;
			knownRegions = (
				en,
			);
			mainGroup = 0ACFF78C1D504CD800863F06;
			productRefGroup = 0ACFF7961D504CD800863F06 /* Products */;
			projectDirPath = "";
			projectRoot = "";
			targets = (
				0ACFF7941D504CD800863F06 /* practice08_04 */,
			);
		};
/* End PBXProject section */

/* Begin PBXSourcesBuildPhase section */
		0ACFF7911D504CD800863F06 /* Sources */ = {
			isa = PBXSourcesBuildPhase;
			buildActionMask = 2147483647;
			files = (
				0ACFF7991D504CD900863F06 /* main.m in Sources */,
				0ACFF7A41D504D4B00863F06 /* XYPoint.m in Sources */,
				0ACFF7A31D504D4B00863F06 /* Rectangle.m in Sources */,
			);
			runOnlyForDeploymentPostprocessing = 0;
		};
/* End PBXSourcesBuildPhase section */

/* Begin XCBuildConfiguration section */
		0ACFF79A1D504CD900863F06 /* Debug */ = {
			isa = XCBuildConfiguration;
			buildSettings = {
				ALWAYS_SEARCH_USER_PATHS = NO;
				CLANG_CXX_LANGUAGE_STANDARD = "gnu++0x";
				CLANG_CXX_LIBRARY = "libc++";
				CLANG_ENABLE_MODULES = YES;
				CLANG_ENABLE_OBJC_ARC = YES;
				CLANG_WARN_BOOL_CONVERSION = YES;
				CLANG_WARN_CONSTANT_CONVERSION = YES;
				CLANG_WARN_DIRECT_OBJC_ISA_USAGE = YES_ERROR;
				CLANG_WARN_EMPTY_BODY = YES;
				CLANG_WARN_ENUM_CONVERSION = YES;
				CLANG_WARN_INT_CONVERSION = YES;
				CLANG_WARN_OBJC_ROOT_CLASS = YES_ERROR;
				CLANG_WARN_UNREACHABLE_CODE = YES;
				CLANG_WARN__DUPLICATE_METHOD_MATCH = YES;
				COPY_PHASE_STRIP = NO;
				DEBUG_INFORMATION_FORMAT = dwarf;
				ENABLE_STRICT_OBJC_MSGSEND = YES;
				GCC_C_LANGUAGE_STANDARD = gnu99;
				GCC_DYNAMIC_NO_PIC = NO;
				GCC_NO_COMMON_BLOCKS = YES;
				GCC_OPTIMIZATION_LEVEL = 0;
				GCC_PREPROCESSOR_DEFINITIONS = (
					"DEBUG=1",
					"$(inherited)",
				);
				GCC_SYMBOLS_PRIVATE_EXTERN = NO;
				GCC_WARN_64_TO_32_BIT_CONVERSION = YES;
				GCC_WARN_ABOUT_RETURN_TYPE = YES_ERROR;
				GCC_WARN_UNDECLARED_SELECTOR = YES;
				GCC_WARN_UNINITIALIZED_AUTOS = YES_AGGRESSIVE;
				GCC_WARN_UNUSED_FUNCTION = YES;
				GCC_WARN_UNUSED_VARIABLE = YES;
				MACOSX_DEPLOYMENT_TARGET = 10.11;
				MTL_ENABLE_DEBUG_INFO = YES;
				ONLY_ACTIVE_ARCH = YES;
				SDKROOT = macosx;
			};
			name = Debug;
		};
		0ACFF79B1D504CD900863F06 /* Release */ = {
			isa = XCBuildConfiguration;
			buildSettings = {
				ALWAYS_SEARCH_USER_PATHS = NO;
				CLANG_CXX_LANGUAGE_STANDARD = "gnu++0x";
				CLANG_CXX_LIBRARY = "libc++";
				CLANG_ENABLE_MODULES = YES;
				CLANG_ENABLE_OBJC_ARC = YES;
				CLANG_WARN_BOOL_CONVERSION = YES;
				CLANG_WARN_CONSTANT_CONVERSION = YES;
				CLANG_WARN_DIRECT_OBJC_ISA_USAGE = YES_ERROR;
				CLANG_WARN_EMPTY_BODY = YES;
				CLANG_WARN_ENUM_CONVERSION = YES;
				CLANG_WARN_INT_CONVERSION = YES;
				CLANG_WARN_OBJC_ROOT_CLASS = YES_ERROR;
				CLANG_WARN_UNREACHABLE_CODE = YES;
				CLANG_WARN__DUPLICATE_METHOD_MATCH = YES;
				COPY_PHASE_STRIP = NO;
				DEBUG_INFORMATION_FORMAT = "dwarf-with-dsym";
				ENABLE_NS_ASSERTIONS = NO;
				ENABLE_STRICT_OBJC_MSGSEND = YES;
				GCC_C_LANGUAGE_STANDARD = gnu99;
				GCC_NO_COMMON_BLOCKS = YES;
				GCC_WARN_64_TO_32_BIT_CONVERSION = YES;
				GCC_WARN_ABOUT_RETURN_TYPE = YES_ERROR;
				GCC_WARN_UNDECLARED_SELECTOR = YES;
				GCC_WARN_UNINITIALIZED_AUTOS = YES_AGGRESSIVE;
				GCC_WARN_UNUSED_FUNCTION = YES;
				GCC_WARN_UNUSED_VARIABLE = YES;
				MACOSX_DEPLOYMENT_TARGET = 10.11;
				MTL_ENABLE_DEBUG_INFO = NO;
				SDKROOT = macosx;
			};
			name = Release;
		};
		0ACFF79D1D504CD900863F06 /* Debug */ = {
			isa = XCBuildConfiguration;
			buildSettings = {
				PRODUCT_NAME = "$(TARGET_NAME)";
			};
			name = Debug;
		};
		0ACFF79E1D504CD900863F06 /* Release */ = {
			isa = XCBuildConfiguration;
			buildSettings = {
				PRODUCT_NAME = "$(TARGET_NAME)";
			};
			name = Release;
		};
/* End XCBuildConfiguration section */

/* Begin XCConfigurationList section */
		0ACFF7901D504CD800863F06 /* Build configuration list for PBXProject "practice08_04" */ = {
			isa = XCConfigurationList;
			buildConfigurations = (
				0ACFF79A1D504CD900863F06 /* Debug */,
				0ACFF79B1D504CD900863F06 /* Release */,
			);
			defaultConfigurationIsVisible = 0;
			defaultConfigurationName = Release;
		};
		0ACFF79C1D504CD900863F06 /* Build configuration list for PBXNativeTarget "practice08_04" */ = {
			isa = XCConfigurationList;
			buildConfigurations = (
				0ACFF79D1D504CD900863F06 /* Debug */,
				0ACFF79E1D504CD900863F06 /* Release */,
			);
			defaultConfigurationIsVisible = 0;
		};
/* End XCConfigurationList section */
	};
	rootObject = 0ACFF78D1D504CD800863F06 /* Project object */;
}
