// !$*UTF8*$!
{
	archiveVersion = 1;
	classes = {
	};
	objectVersion = 46;
	objects = {

/* Begin PBXBuildFile section */
		0A66BBB21D8BF5BE00B6B434 /* main.m in Sources */ = {isa = PBXBuildFile; fileRef = 0A66BBB11D8BF5BE00B6B434 /* main.m */; };
		0A66BBBC1D8BF5F100B6B434 /* Complex.m in Sources */ = {isa = PBXBuildFile; fileRef = 0A66BBB91D8BF5F100B6B434 /* Complex.m */; };
		0A66BBBD1D8BF5F100B6B434 /* Fraction.m in Sources */ = {isa = PBXBuildFile; fileRef = 0A66BBBB1D8BF5F100B6B434 /* Fraction.m */; };
		0AD34FA81D8BFC6A002A7587 /* XYPoint.m in Sources */ = {isa = PBXBuildFile; fileRef = 0AD34FA71D8BFC6A002A7587 /* XYPoint.m */; };
/* End PBXBuildFile section */

/* Begin PBXCopyFilesBuildPhase section */
		0A66BBAC1D8BF5BE00B6B434 /* CopyFiles */ = {
			isa = PBXCopyFilesBuildPhase;
			buildActionMask = 2147483647;
			dstPath = /usr/share/man/man1/;
			dstSubfolderSpec = 0;
			files = (
			);
			runOnlyForDeploymentPostprocessing = 1;
		};
/* End PBXCopyFilesBuildPhase section */

/* Begin PBXFileReference section */
		0A66BBAE1D8BF5BE00B6B434 /* practice09_03 */ = {isa = PBXFileReference; explicitFileType = "compiled.mach-o.executable"; includeInIndex = 0; path = practice09_03; sourceTree = BUILT_PRODUCTS_DIR; };
		0A66BBB11D8BF5BE00B6B434 /* main.m */ = {isa = PBXFileReference; lastKnownFileType = sourcecode.c.objc; path = main.m; sourceTree = "<group>"; };
		0A66BBB81D8BF5F100B6B434 /* Complex.h */ = {isa = PBXFileReference; fileEncoding = 4; lastKnownFileType = sourcecode.c.h; path = Complex.h; sourceTree = "<group>"; };
		0A66BBB91D8BF5F100B6B434 /* Complex.m */ = {isa = PBXFileReference; fileEncoding = 4; lastKnownFileType = sourcecode.c.objc; path = Complex.m; sourceTree = "<group>"; };
		0A66BBBA1D8BF5F100B6B434 /* Fraction.h */ = {isa = PBXFileReference; fileEncoding = 4; lastKnownFileType = sourcecode.c.h; path = Fraction.h; sourceTree = "<group>"; };
		0A66BBBB1D8BF5F100B6B434 /* Fraction.m */ = {isa = PBXFileReference; fileEncoding = 4; lastKnownFileType = sourcecode.c.objc; path = Fraction.m; sourceTree = "<group>"; };
		0AD34FA61D8BFC6A002A7587 /* XYPoint.h */ = {isa = PBXFileReference; fileEncoding = 4; lastKnownFileType = sourcecode.c.h; path = XYPoint.h; sourceTree = "<group>"; };
		0AD34FA71D8BFC6A002A7587 /* XYPoint.m */ = {isa = PBXFileReference; fileEncoding = 4; lastKnownFileType = sourcecode.c.objc; path = XYPoint.m; sourceTree = "<group>"; };
/* End PBXFileReference section */

/* Begin PBXFrameworksBuildPhase section */
		0A66BBAB1D8BF5BE00B6B434 /* Frameworks */ = {
			isa = PBXFrameworksBuildPhase;
			buildActionMask = 2147483647;
			files = (
			);
			runOnlyForDeploymentPostprocessing = 0;
		};
/* End PBXFrameworksBuildPhase section */

/* Begin PBXGroup section */
		0A66BBA51D8BF5BE00B6B434 = {
			isa = PBXGroup;
			children = (
				0A66BBB01D8BF5BE00B6B434 /* practice09_03 */,
				0A66BBAF1D8BF5BE00B6B434 /* Products */,
			);
			sourceTree = "<group>";
		};
		0A66BBAF1D8BF5BE00B6B434 /* Products */ = {
			isa = PBXGroup;
			children = (
				0A66BBAE1D8BF5BE00B6B434 /* practice09_03 */,
			);
			name = Products;
			sourceTree = "<group>";
		};
		0A66BBB01D8BF5BE00B6B434 /* practice09_03 */ = {
			isa = PBXGroup;
			children = (
				0A66BBB81D8BF5F100B6B434 /* Complex.h */,
				0A66BBB91D8BF5F100B6B434 /* Complex.m */,
				0AD34FA61D8BFC6A002A7587 /* XYPoint.h */,
				0AD34FA71D8BFC6A002A7587 /* XYPoint.m */,
				0A66BBBA1D8BF5F100B6B434 /* Fraction.h */,
				0A66BBBB1D8BF5F100B6B434 /* Fraction.m */,
				0A66BBB11D8BF5BE00B6B434 /* main.m */,
			);
			path = practice09_03;
			sourceTree = "<group>";
		};
/* End PBXGroup section */

/* Begin PBXNativeTarget section */
		0A66BBAD1D8BF5BE00B6B434 /* practice09_03 */ = {
			isa = PBXNativeTarget;
			buildConfigurationList = 0A66BBB51D8BF5BE00B6B434 /* Build configuration list for PBXNativeTarget "practice09_03" */;
			buildPhases = (
				0A66BBAA1D8BF5BE00B6B434 /* Sources */,
				0A66BBAB1D8BF5BE00B6B434 /* Frameworks */,
				0A66BBAC1D8BF5BE00B6B434 /* CopyFiles */,
			);
			buildRules = (
			);
			dependencies = (
			);
			name = practice09_03;
			productName = practice09_03;
			productReference = 0A66BBAE1D8BF5BE00B6B434 /* practice09_03 */;
			productType = "com.apple.product-type.tool";
		};
/* End PBXNativeTarget section */

/* Begin PBXProject section */
		0A66BBA61D8BF5BE00B6B434 /* Project object */ = {
			isa = PBXProject;
			attributes = {
				LastUpgradeCheck = 0640;
				ORGANIZATIONNAME = chenyijun;
				TargetAttributes = {
					0A66BBAD1D8BF5BE00B6B434 = {
						CreatedOnToolsVersion = 6.4;
					};
				};
			};
			buildConfigurationList = 0A66BBA91D8BF5BE00B6B434 /* Build configuration list for PBXProject "practice09_03" */;
			compatibilityVersion = "Xcode 3.2";
			developmentRegion = English;
			hasScannedForEncodings = 0;
			knownRegions = (
				en,
			);
			mainGroup = 0A66BBA51D8BF5BE00B6B434;
			productRefGroup = 0A66BBAF1D8BF5BE00B6B434 /* Products */;
			projectDirPath = "";
			projectRoot = "";
			targets = (
				0A66BBAD1D8BF5BE00B6B434 /* practice09_03 */,
			);
		};
/* End PBXProject section */

/* Begin PBXSourcesBuildPhase section */
		0A66BBAA1D8BF5BE00B6B434 /* Sources */ = {
			isa = PBXSourcesBuildPhase;
			buildActionMask = 2147483647;
			files = (
				0A66BBBC1D8BF5F100B6B434 /* Complex.m in Sources */,
				0A66BBB21D8BF5BE00B6B434 /* main.m in Sources */,
				0A66BBBD1D8BF5F100B6B434 /* Fraction.m in Sources */,
				0AD34FA81D8BFC6A002A7587 /* XYPoint.m in Sources */,
			);
			runOnlyForDeploymentPostprocessing = 0;
		};
/* End PBXSourcesBuildPhase section */

/* Begin XCBuildConfiguration section */
		0A66BBB31D8BF5BE00B6B434 /* Debug */ = {
			isa = XCBuildConfiguration;
			buildSettings = {
				ALWAYS_SEARCH_USER_PATHS = NO;
				CLANG_CXX_LANGUAGE_STANDARD = "gnu++0x";
				CLANG_CXX_LIBRARY = "libc++";
				CLANG_ENABLE_MODULES = YES;
				CLANG_ENABLE_OBJC_ARC = YES;
				CLANG_WARN_BOOL_CONVERSION = YES;
				CLANG_WARN_CONSTANT_CONVERSION = YES;
				CLANG_WARN_DIRECT_OBJC_ISA_USAGE = YES_ERROR;
				CLANG_WARN_EMPTY_BODY = YES;
				CLANG_WARN_ENUM_CONVERSION = YES;
				CLANG_WARN_INT_CONVERSION = YES;
				CLANG_WARN_OBJC_ROOT_CLASS = YES_ERROR;
				CLANG_WARN_UNREACHABLE_CODE = YES;
				CLANG_WARN__DUPLICATE_METHOD_MATCH = YES;
				COPY_PHASE_STRIP = NO;
				DEBUG_INFORMATION_FORMAT = dwarf;
				ENABLE_STRICT_OBJC_MSGSEND = YES;
				GCC_C_LANGUAGE_STANDARD = gnu99;
				GCC_DYNAMIC_NO_PIC = NO;
				GCC_NO_COMMON_BLOCKS = YES;
				GCC_OPTIMIZATION_LEVEL = 0;
				GCC_PREPROCESSOR_DEFINITIONS = (
					"DEBUG=1",
					"$(inherited)",
				);
				GCC_SYMBOLS_PRIVATE_EXTERN = NO;
				GCC_WARN_64_TO_32_BIT_CONVERSION = YES;
				GCC_WARN_ABOUT_RETURN_TYPE = YES_ERROR;
				GCC_WARN_UNDECLARED_SELECTOR = YES;
				GCC_WARN_UNINITIALIZED_AUTOS = YES_AGGRESSIVE;
				GCC_WARN_UNUSED_FUNCTION = YES;
				GCC_WARN_UNUSED_VARIABLE = YES;
				MACOSX_DEPLOYMENT_TARGET = 10.11;
				MTL_ENABLE_DEBUG_INFO = YES;
				ONLY_ACTIVE_ARCH = YES;
				SDKROOT = macosx;
			};
			name = Debug;
		};
		0A66BBB41D8BF5BE00B6B434 /* Release */ = {
			isa = XCBuildConfiguration;
			buildSettings = {
				ALWAYS_SEARCH_USER_PATHS = NO;
				CLANG_CXX_LANGUAGE_STANDARD = "gnu++0x";
				CLANG_CXX_LIBRARY = "libc++";
				CLANG_ENABLE_MODULES = YES;
				CLANG_ENABLE_OBJC_ARC = YES;
				CLANG_WARN_BOOL_CONVERSION = YES;
				CLANG_WARN_CONSTANT_CONVERSION = YES;
				CLANG_WARN_DIRECT_OBJC_ISA_USAGE = YES_ERROR;
				CLANG_WARN_EMPTY_BODY = YES;
				CLANG_WARN_ENUM_CONVERSION = YES;
				CLANG_WARN_INT_CONVERSION = YES;
				CLANG_WARN_OBJC_ROOT_CLASS = YES_ERROR;
				CLANG_WARN_UNREACHABLE_CODE = YES;
				CLANG_WARN__DUPLICATE_METHOD_MATCH = YES;
				COPY_PHASE_STRIP = NO;
				DEBUG_INFORMATION_FORMAT = "dwarf-with-dsym";
				ENABLE_NS_ASSERTIONS = NO;
				ENABLE_STRICT_OBJC_MSGSEND = YES;
				GCC_C_LANGUAGE_STANDARD = gnu99;
				GCC_NO_COMMON_BLOCKS = YES;
				GCC_WARN_64_TO_32_BIT_CONVERSION = YES;
				GCC_WARN_ABOUT_RETURN_TYPE = YES_ERROR;
				GCC_WARN_UNDECLARED_SELECTOR = YES;
				GCC_WARN_UNINITIALIZED_AUTOS = YES_AGGRESSIVE;
				GCC_WARN_UNUSED_FUNCTION = YES;
				GCC_WARN_UNUSED_VARIABLE = YES;
				MACOSX_DEPLOYMENT_TARGET = 10.11;
				MTL_ENABLE_DEBUG_INFO = NO;
				SDKROOT = macosx;
			};
			name = Release;
		};
		0A66BBB61D8BF5BE00B6B434 /* Debug */ = {
			isa = XCBuildConfiguration;
			buildSettings = {
				PRODUCT_NAME = "$(TARGET_NAME)";
			};
			name = Debug;
		};
		0A66BBB71D8BF5BE00B6B434 /* Release */ = {
			isa = XCBuildConfiguration;
			buildSettings = {
				PRODUCT_NAME = "$(TARGET_NAME)";
			};
			name = Release;
		};
/* End XCBuildConfiguration section */

/* Begin XCConfigurationList section */
		0A66BBA91D8BF5BE00B6B434 /* Build configuration list for PBXProject "practice09_03" */ = {
			isa = XCConfigurationList;
			buildConfigurations = (
				0A66BBB31D8BF5BE00B6B434 /* Debug */,
				0A66BBB41D8BF5BE00B6B434 /* Release */,
			);
			defaultConfigurationIsVisible = 0;
			defaultConfigurationName = Release;
		};
		0A66BBB51D8BF5BE00B6B434 /* Build configuration list for PBXNativeTarget "practice09_03" */ = {
			isa = XCConfigurationList;
			buildConfigurations = (
				0A66BBB61D8BF5BE00B6B434 /* Debug */,
				0A66BBB71D8BF5BE00B6B434 /* Release */,
			);
			defaultConfigurationIsVisible = 0;
			defaultConfigurationName = Release;
		};
/* End XCConfigurationList section */
	};
	rootObject = 0A66BBA61D8BF5BE00B6B434 /* Project object */;
}
