// !$*UTF8*$!
{
	archiveVersion = 1;
	classes = {
	};
	objectVersion = 46;
	objects = {

/* Begin PBXBuildFile section */
		0A4F072C1D97CA6F0018A6B6 /* main.m in Sources */ = {isa = PBXBuildFile; fileRef = 0A4F072B1D97CA6F0018A6B6 /* main.m */; };
		0A4F07341D97CDA30018A6B6 /* Fraction.m in Sources */ = {isa = PBXBuildFile; fileRef = 0A4F07331D97CDA30018A6B6 /* Fraction.m */; };
/* End PBXBuildFile section */

/* Begin PBXCopyFilesBuildPhase section */
		0A4F07261D97CA6F0018A6B6 /* CopyFiles */ = {
			isa = PBXCopyFilesBuildPhase;
			buildActionMask = 2147483647;
			dstPath = /usr/share/man/man1/;
			dstSubfolderSpec = 0;
			files = (
			);
			runOnlyForDeploymentPostprocessing = 1;
		};
/* End PBXCopyFilesBuildPhase section */

/* Begin PBXFileReference section */
		0A4F07281D97CA6F0018A6B6 /* program10_01 */ = {isa = PBXFileReference; explicitFileType = "compiled.mach-o.executable"; includeInIndex = 0; path = program10_01; sourceTree = BUILT_PRODUCTS_DIR; };
		0A4F072B1D97CA6F0018A6B6 /* main.m */ = {isa = PBXFileReference; lastKnownFileType = sourcecode.c.objc; path = main.m; sourceTree = "<group>"; };
		0A4F07321D97CDA30018A6B6 /* Fraction.h */ = {isa = PBXFileReference; fileEncoding = 4; lastKnownFileType = sourcecode.c.h; path = Fraction.h; sourceTree = "<group>"; };
		0A4F07331D97CDA30018A6B6 /* Fraction.m */ = {isa = PBXFileReference; fileEncoding = 4; lastKnownFileType = sourcecode.c.objc; path = Fraction.m; sourceTree = "<group>"; };
/* End PBXFileReference section */

/* Begin PBXFrameworksBuildPhase section */
		0A4F07251D97CA6F0018A6B6 /* Frameworks */ = {
			isa = PBXFrameworksBuildPhase;
			buildActionMask = 2147483647;
			files = (
			);
			runOnlyForDeploymentPostprocessing = 0;
		};
/* End PBXFrameworksBuildPhase section */

/* Begin PBXGroup section */
		0A4F071F1D97CA6F0018A6B6 = {
			isa = PBXGroup;
			children = (
				0A4F072A1D97CA6F0018A6B6 /* program10_01 */,
				0A4F07291D97CA6F0018A6B6 /* Products */,
			);
			sourceTree = "<group>";
		};
		0A4F07291D97CA6F0018A6B6 /* Products */ = {
			isa = PBXGroup;
			children = (
				0A4F07281D97CA6F0018A6B6 /* program10_01 */,
			);
			name = Products;
			sourceTree = "<group>";
		};
		0A4F072A1D97CA6F0018A6B6 /* program10_01 */ = {
			isa = PBXGroup;
			children = (
				0A4F07321D97CDA30018A6B6 /* Fraction.h */,
				0A4F07331D97CDA30018A6B6 /* Fraction.m */,
				0A4F072B1D97CA6F0018A6B6 /* main.m */,
			);
			path = program10_01;
			sourceTree = "<group>";
		};
/* End PBXGroup section */

/* Begin PBXNativeTarget section */
		0A4F07271D97CA6F0018A6B6 /* program10_01 */ = {
			isa = PBXNativeTarget;
			buildConfigurationList = 0A4F072F1D97CA6F0018A6B6 /* Build configuration list for PBXNativeTarget "program10_01" */;
			buildPhases = (
				0A4F07241D97CA6F0018A6B6 /* Sources */,
				0A4F07251D97CA6F0018A6B6 /* Frameworks */,
				0A4F07261D97CA6F0018A6B6 /* CopyFiles */,
			);
			buildRules = (
			);
			dependencies = (
			);
			name = program10_01;
			productName = program10_01;
			productReference = 0A4F07281D97CA6F0018A6B6 /* program10_01 */;
			productType = "com.apple.product-type.tool";
		};
/* End PBXNativeTarget section */

/* Begin PBXProject section */
		0A4F07201D97CA6F0018A6B6 /* Project object */ = {
			isa = PBXProject;
			attributes = {
				LastUpgradeCheck = 0640;
				ORGANIZATIONNAME = chenyijun;
				TargetAttributes = {
					0A4F07271D97CA6F0018A6B6 = {
						CreatedOnToolsVersion = 6.4;
					};
				};
			};
			buildConfigurationList = 0A4F07231D97CA6F0018A6B6 /* Build configuration list for PBXProject "program10_01" */;
			compatibilityVersion = "Xcode 3.2";
			developmentRegion = English;
			hasScannedForEncodings = 0;
			knownRegions = (
				en,
			);
			mainGroup = 0A4F071F1D97CA6F0018A6B6;
			productRefGroup = 0A4F07291D97CA6F0018A6B6 /* Products */;
			projectDirPath = "";
			projectRoot = "";
			targets = (
				0A4F07271D97CA6F0018A6B6 /* program10_01 */,
			);
		};
/* End PBXProject section */

/* Begin PBXSourcesBuildPhase section */
		0A4F07241D97CA6F0018A6B6 /* Sources */ = {
			isa = PBXSourcesBuildPhase;
			buildActionMask = 2147483647;
			files = (
				0A4F072C1D97CA6F0018A6B6 /* main.m in Sources */,
				0A4F07341D97CDA30018A6B6 /* Fraction.m in Sources */,
			);
			runOnlyForDeploymentPostprocessing = 0;
		};
/* End PBXSourcesBuildPhase section */

/* Begin XCBuildConfiguration section */
		0A4F072D1D97CA6F0018A6B6 /* Debug */ = {
			isa = XCBuildConfiguration;
			buildSettings = {
				ALWAYS_SEARCH_USER_PATHS = NO;
				CLANG_CXX_LANGUAGE_STANDARD = "gnu++0x";
				CLANG_CXX_LIBRARY = "libc++";
				CLANG_ENABLE_MODULES = YES;
				CLANG_ENABLE_OBJC_ARC = YES;
				CLANG_WARN_BOOL_CONVERSION = YES;
				CLANG_WARN_CONSTANT_CONVERSION = YES;
				CLANG_WARN_DIRECT_OBJC_ISA_USAGE = YES_ERROR;
				CLANG_WARN_EMPTY_BODY = YES;
				CLANG_WARN_ENUM_CONVERSION = YES;
				CLANG_WARN_INT_CONVERSION = YES;
				CLANG_WARN_OBJC_ROOT_CLASS = YES_ERROR;
				CLANG_WARN_UNREACHABLE_CODE = YES;
				CLANG_WARN__DUPLICATE_METHOD_MATCH = YES;
				COPY_PHASE_STRIP = NO;
				DEBUG_INFORMATION_FORMAT = dwarf;
				ENABLE_STRICT_OBJC_MSGSEND = YES;
				GCC_C_LANGUAGE_STANDARD = gnu99;
				GCC_DYNAMIC_NO_PIC = NO;
				GCC_NO_COMMON_BLOCKS = YES;
				GCC_OPTIMIZATION_LEVEL = 0;
				GCC_PREPROCESSOR_DEFINITIONS = (
					"DEBUG=1",
					"$(inherited)",
				);
				GCC_SYMBOLS_PRIVATE_EXTERN = NO;
				GCC_WARN_64_TO_32_BIT_CONVERSION = YES;
				GCC_WARN_ABOUT_RETURN_TYPE = YES_ERROR;
				GCC_WARN_UNDECLARED_SELECTOR = YES;
				GCC_WARN_UNINITIALIZED_AUTOS = YES_AGGRESSIVE;
				GCC_WARN_UNUSED_FUNCTION = YES;
				GCC_WARN_UNUSED_VARIABLE = YES;
				MACOSX_DEPLOYMENT_TARGET = 10.11;
				MTL_ENABLE_DEBUG_INFO = YES;
				ONLY_ACTIVE_ARCH = YES;
				SDKROOT = macosx;
			};
			name = Debug;
		};
		0A4F072E1D97CA6F0018A6B6 /* Release */ = {
			isa = XCBuildConfiguration;
			buildSettings = {
				ALWAYS_SEARCH_USER_PATHS = NO;
				CLANG_CXX_LANGUAGE_STANDARD = "gnu++0x";
				CLANG_CXX_LIBRARY = "libc++";
				CLANG_ENABLE_MODULES = YES;
				CLANG_ENABLE_OBJC_ARC = YES;
				CLANG_WARN_BOOL_CONVERSION = YES;
				CLANG_WARN_CONSTANT_CONVERSION = YES;
				CLANG_WARN_DIRECT_OBJC_ISA_USAGE = YES_ERROR;
				CLANG_WARN_EMPTY_BODY = YES;
				CLANG_WARN_ENUM_CONVERSION = YES;
				CLANG_WARN_INT_CONVERSION = YES;
				CLANG_WARN_OBJC_ROOT_CLASS = YES_ERROR;
				CLANG_WARN_UNREACHABLE_CODE = YES;
				CLANG_WARN__DUPLICATE_METHOD_MATCH = YES;
				COPY_PHASE_STRIP = NO;
				DEBUG_INFORMATION_FORMAT = "dwarf-with-dsym";
				ENABLE_NS_ASSERTIONS = NO;
				ENABLE_STRICT_OBJC_MSGSEND = YES;
				GCC_C_LANGUAGE_STANDARD = gnu99;
				GCC_NO_COMMON_BLOCKS = YES;
				GCC_WARN_64_TO_32_BIT_CONVERSION = YES;
				GCC_WARN_ABOUT_RETURN_TYPE = YES_ERROR;
				GCC_WARN_UNDECLARED_SELECTOR = YES;
				GCC_WARN_UNINITIALIZED_AUTOS = YES_AGGRESSIVE;
				GCC_WARN_UNUSED_FUNCTION = YES;
				GCC_WARN_UNUSED_VARIABLE = YES;
				MACOSX_DEPLOYMENT_TARGET = 10.11;
				MTL_ENABLE_DEBUG_INFO = NO;
				SDKROOT = macosx;
			};
			name = Release;
		};
		0A4F07301D97CA6F0018A6B6 /* Debug */ = {
			isa = XCBuildConfiguration;
			buildSettings = {
				PRODUCT_NAME = "$(TARGET_NAME)";
			};
			name = Debug;
		};
		0A4F07311D97CA6F0018A6B6 /* Release */ = {
			isa = XCBuildConfiguration;
			buildSettings = {
				PRODUCT_NAME = "$(TARGET_NAME)";
			};
			name = Release;
		};
/* End XCBuildConfiguration section */

/* Begin XCConfigurationList section */
		0A4F07231D97CA6F0018A6B6 /* Build configuration list for PBXProject "program10_01" */ = {
			isa = XCConfigurationList;
			buildConfigurations = (
				0A4F072D1D97CA6F0018A6B6 /* Debug */,
				0A4F072E1D97CA6F0018A6B6 /* Release */,
			);
			defaultConfigurationIsVisible = 0;
			defaultConfigurationName = Release;
		};
		0A4F072F1D97CA6F0018A6B6 /* Build configuration list for PBXNativeTarget "program10_01" */ = {
			isa = XCConfigurationList;
			buildConfigurations = (
				0A4F07301D97CA6F0018A6B6 /* Debug */,
				0A4F07311D97CA6F0018A6B6 /* Release */,
			);
			defaultConfigurationIsVisible = 0;
		};
/* End XCConfigurationList section */
	};
	rootObject = 0A4F07201D97CA6F0018A6B6 /* Project object */;
}
